
Microsoft Visual Studio Solution File, Format Version 11.00
# Visual Studio 2010
Project("{FAE04EC0-301F-11D3-BF4B-00C04F79EFBC}") = "OctopusDeployDemo", "OctopusDeployDemo\OctopusDeployDemo.csproj", "{B7DB3A7D-3F0B-4BD3-9E19-84D5ABADBB4E}"
EndProject
Project("{FAE04EC0-301F-11D3-BF4B-00C04F79EFBC}") = "OctopusDeploy.Migrations", "OctopusDeploy.Migrations\OctopusDeploy.Migrations.csproj", "{F621ECA1-4285-44B6-A3CD-DC038B4489F3}"
EndProject
Global
	GlobalSection(SolutionConfigurationPlatforms) = preSolution
		Debug|Any CPU = Debug|Any CPU
		Release|Any CPU = Release|Any CPU
	EndGlobalSection
	GlobalSection(ProjectConfigurationPlatforms) = postSolution
		{B7DB3A7D-3F0B-4BD3-9E19-84D5ABADBB4E}.Debug|Any CPU.ActiveCfg = Debug|Any CPU
		{B7DB3A7D-3F0B-4BD3-9E19-84D5ABADBB4E}.Debug|Any CPU.Build.0 = Debug|Any CPU
		{B7DB3A7D-3F0B-4BD3-9E19-84D5ABADBB4E}.Release|Any CPU.ActiveCfg = Release|Any CPU
		{B7DB3A7D-3F0B-4BD3-9E19-84D5ABADBB4E}.Release|Any CPU.Build.0 = Release|Any CPU
		{F621ECA1-4285-44B6-A3CD-DC038B4489F3}.Debug|Any CPU.ActiveCfg = Debug|Any CPU
		{F621ECA1-4285-44B6-A3CD-DC038B4489F3}.Debug|Any CPU.Build.0 = Debug|Any CPU
		{F621ECA1-4285-44B6-A3CD-DC038B4489F3}.Release|Any CPU.ActiveCfg = Release|Any CPU
		{F621ECA1-4285-44B6-A3CD-DC038B4489F3}.Release|Any CPU.Build.0 = Release|Any CPU
	EndGlobalSection
	GlobalSection(SolutionProperties) = preSolution
		HideSolutionNode = FALSE
	EndGlobalSection
EndGlobal
